
Microsoft Visual Studio Solution File, Format Version 12.00
# Visual Studio Version 17
VisualStudioVersion = 17.4.33205.214
MinimumVisualStudioVersion = 10.0.40219.1
Project("{FAE04EC0-301F-11D3-BF4B-00C04F79EFBC}") = "ApiTestIris", "ApiTestIris\ApiTestIris.csproj", "{09FA685C-B0DC-4046-BB64-D9762FB06E1A}"
EndProject
Global
	GlobalSection(SolutionConfigurationPlatforms) = preSolution
		Debug|Any CPU = Debug|Any CPU
		Release|Any CPU = Release|Any CPU
	EndGlobalSection
	GlobalSection(ProjectConfigurationPlatforms) = postSolution
		{09FA685C-B0DC-4046-BB64-D9762FB06E1A}.Debug|Any CPU.ActiveCfg = Debug|Any CPU
		{09FA685C-B0DC-4046-BB64-D9762FB06E1A}.Debug|Any CPU.Build.0 = Debug|Any CPU
		{09FA685C-B0DC-4046-BB64-D9762FB06E1A}.Release|Any CPU.ActiveCfg = Release|Any CPU
		{09FA685C-B0DC-4046-BB64-D9762FB06E1A}.Release|Any CPU.Build.0 = Release|Any CPU
	EndGlobalSection
	GlobalSection(SolutionProperties) = preSolution
		HideSolutionNode = FALSE
	EndGlobalSection
	GlobalSection(ExtensibilityGlobals) = postSolution
		SolutionGuid = {960E3343-121B-4358-815F-68FC1E449725}
	EndGlobalSection
EndGlobal
